{
  "name": "goit-js-hw-08",
  "lockfileVersion": 2,
  "requires": true,
  "packages": {
    "": {
      "dependencies": {
        "parcel-project-template": "github:goitacademy/parcel-project-template"
      }
    },
    "node_modules/modern-normalize": {
      "version": "1.1.0",
      "resolved": "https://registry.npmjs.org/modern-normalize/-/modern-normalize-1.1.0.tgz",
      "integrity": "sha512-2lMlY1Yc1+CUy0gw4H95uNN7vjbpoED7NNRSBHE25nWfLBdmMzFCsPshlzbxHz+gYMcBEUN8V4pU16prcdPSgA==",
      "engines": {
        "node": ">=6"
      },
      "funding": {
        "url": "https://github.com/sponsors/sindresorhus"
      }
    },
    "node_modules/parcel-project-template": {
      "version": "2.0.0",
      "resolved": "git+ssh://git@github.com/goitacademy/parcel-project-template.git#97a11879e784af610838d4a3b20d9b13265cc0d5",
      "license": "ISC",
      "dependencies": {
        "modern-normalize": "^1.1.0"
      }
    }
  },
  "dependencies": {
    "modern-normalize": {
      "version": "1.1.0",
      "resolved": "https://registry.npmjs.org/modern-normalize/-/modern-normalize-1.1.0.tgz",
      "integrity": "sha512-2lMlY1Yc1+CUy0gw4H95uNN7vjbpoED7NNRSBHE25nWfLBdmMzFCsPshlzbxHz+gYMcBEUN8V4pU16prcdPSgA=="
    },
    "parcel-project-template": {
      "version": "git+ssh://git@github.com/goitacademy/parcel-project-template.git#97a11879e784af610838d4a3b20d9b13265cc0d5",
      "from": "parcel-project-template@github:goitacademy/parcel-project-template",
      "requires": {
        "modern-normalize": "^1.1.0"
      }
    }
  }
}
